
Microsoft Visual Studio Solution File, Format Version 12.00
# Visual Studio Version 17
VisualStudioVersion = 17.8.34511.84
MinimumVisualStudioVersion = 10.0.40219.1
Project("{FAE04EC0-301F-11D3-BF4B-00C04F79EFBC}") = "Reserve  a Five-a-Side Football", "Reserve  a Five a Side Football\Reserve  a Five-a-Side Football.csproj", "{97D7ABB8-4F20-400F-B577-335DD3882872}"
EndProject
Global
	GlobalSection(SolutionConfigurationPlatforms) = preSolution
		Debug|Any CPU = Debug|Any CPU
		Release|Any CPU = Release|Any CPU
	EndGlobalSection
	GlobalSection(ProjectConfigurationPlatforms) = postSolution
		{97D7ABB8-4F20-400F-B577-335DD3882872}.Debug|Any CPU.ActiveCfg = Debug|Any CPU
		{97D7ABB8-4F20-400F-B577-335DD3882872}.Debug|Any CPU.Build.0 = Debug|Any CPU
		{97D7ABB8-4F20-400F-B577-335DD3882872}.Release|Any CPU.ActiveCfg = Release|Any CPU
		{97D7ABB8-4F20-400F-B577-335DD3882872}.Release|Any CPU.Build.0 = Release|Any CPU
	EndGlobalSection
	GlobalSection(SolutionProperties) = preSolution
		HideSolutionNode = FALSE
	EndGlobalSection
	GlobalSection(ExtensibilityGlobals) = postSolution
		SolutionGuid = {B9700A7D-6674-4368-A7A4-58F7CF69E00E}
	EndGlobalSection
EndGlobal
